
Microsoft Visual Studio Solution File, Format Version 12.00
# Visual Studio Version 16
VisualStudioVersion = 16.0.29424.173
MinimumVisualStudioVersion = 10.0.40219.1
Project("{FAE04EC0-301F-11D3-BF4B-00C04F79EFBC}") = "Morality.Airdrop.Service", "Morality.Airdrop.Service\Morality.Airdrop.Service.csproj", "{8B5C206D-6A36-4730-8452-5B2FCDE87B3C}"
EndProject
Project("{9A19103F-16F7-4668-BE54-9A1E7A4F7556}") = "Morality.Airdrop.Service.Tests", "C:\Users\ASUS\source\repos\Morality.Airdrop.Service\Morality.Airdrop.Service.Tests\Morality.Airdrop.Service.Tests.csproj", "{407A3047-FACB-478F-B260-8F579A72AADB}"
EndProject
Global
	GlobalSection(SolutionConfigurationPlatforms) = preSolution
		Debug|Any CPU = Debug|Any CPU
		Release|Any CPU = Release|Any CPU
	EndGlobalSection
	GlobalSection(ProjectConfigurationPlatforms) = postSolution
		{8B5C206D-6A36-4730-8452-5B2FCDE87B3C}.Debug|Any CPU.ActiveCfg = Debug|Any CPU
		{8B5C206D-6A36-4730-8452-5B2FCDE87B3C}.Debug|Any CPU.Build.0 = Debug|Any CPU
		{8B5C206D-6A36-4730-8452-5B2FCDE87B3C}.Release|Any CPU.ActiveCfg = Release|Any CPU
		{8B5C206D-6A36-4730-8452-5B2FCDE87B3C}.Release|Any CPU.Build.0 = Release|Any CPU
		{407A3047-FACB-478F-B260-8F579A72AADB}.Debug|Any CPU.ActiveCfg = Debug|Any CPU
		{407A3047-FACB-478F-B260-8F579A72AADB}.Debug|Any CPU.Build.0 = Debug|Any CPU
		{407A3047-FACB-478F-B260-8F579A72AADB}.Release|Any CPU.ActiveCfg = Release|Any CPU
		{407A3047-FACB-478F-B260-8F579A72AADB}.Release|Any CPU.Build.0 = Release|Any CPU
	EndGlobalSection
	GlobalSection(SolutionProperties) = preSolution
		HideSolutionNode = FALSE
	EndGlobalSection
	GlobalSection(ExtensibilityGlobals) = postSolution
		SolutionGuid = {A1823B5D-3BEB-420E-A7FE-A7D1D9745195}
	EndGlobalSection
EndGlobal
